
Microsoft Visual Studio Solution File, Format Version 12.00
# Visual Studio Version 16
VisualStudioVersion = 16.0.30320.27
MinimumVisualStudioVersion = 10.0.40219.1
Project("{9A19103F-16F7-4668-BE54-9A1E7A4F7556}") = "TariffComparison", "TariffComparison\TariffComparison.csproj", "{7AD15C93-C37F-42B7-8AC2-97E0733F1932}"
EndProject
Project("{9A19103F-16F7-4668-BE54-9A1E7A4F7556}") = "TariffComparison.Tests", "TariffComparison.Tests\TariffComparison.Tests.csproj", "{8A1CC847-8346-4E14-90DB-53FFFB43FD9B}"
EndProject
Global
	GlobalSection(SolutionConfigurationPlatforms) = preSolution
		Debug|Any CPU = Debug|Any CPU
		Release|Any CPU = Release|Any CPU
	EndGlobalSection
	GlobalSection(ProjectConfigurationPlatforms) = postSolution
		{7AD15C93-C37F-42B7-8AC2-97E0733F1932}.Debug|Any CPU.ActiveCfg = Debug|Any CPU
		{7AD15C93-C37F-42B7-8AC2-97E0733F1932}.Debug|Any CPU.Build.0 = Debug|Any CPU
		{7AD15C93-C37F-42B7-8AC2-97E0733F1932}.Release|Any CPU.ActiveCfg = Release|Any CPU
		{7AD15C93-C37F-42B7-8AC2-97E0733F1932}.Release|Any CPU.Build.0 = Release|Any CPU
		{8A1CC847-8346-4E14-90DB-53FFFB43FD9B}.Debug|Any CPU.ActiveCfg = Debug|Any CPU
		{8A1CC847-8346-4E14-90DB-53FFFB43FD9B}.Debug|Any CPU.Build.0 = Debug|Any CPU
		{8A1CC847-8346-4E14-90DB-53FFFB43FD9B}.Release|Any CPU.ActiveCfg = Release|Any CPU
		{8A1CC847-8346-4E14-90DB-53FFFB43FD9B}.Release|Any CPU.Build.0 = Release|Any CPU
	EndGlobalSection
	GlobalSection(SolutionProperties) = preSolution
		HideSolutionNode = FALSE
	EndGlobalSection
	GlobalSection(ExtensibilityGlobals) = postSolution
		SolutionGuid = {46292234-170C-4410-A209-AFBF67E04440}
	EndGlobalSection
EndGlobal
